<?xml version="1.0" encoding="utf-8"?>
<Project ToolsVersion="4.0" xmlns="http://schemas.microsoft.com/developer/msbuild/2003">
  <ItemGroup>
    <Filter Include="Resource Files">
      <UniqueIdentifier>{67DA6AB6-F800-4c08-8B7A-83BB121AAD01}</UniqueIdentifier>
      <Extensions>rc;ico;cur;bmp;dlg;rc2;rct;bin;rgs;gif;jpg;jpeg;jpe;resx;tiff;tif;png;wav;mfcribbon-ms</Extensions>
    </Filter>
    <Filter Include="SupportFiles">
      <UniqueIdentifier>{e1a5f8aa-9420-40e7-ae39-a37f8b988acb}</UniqueIdentifier>
    </Filter>
    <Filter Include="DUILib">
      <UniqueIdentifier>{bf753cfb-1834-4409-b213-0298b0db3591}</UniqueIdentifier>
    </Filter>
    <Filter Include="UI">
      <UniqueIdentifier>{9eca1568-4450-4958-8b83-cf221955acd0}</UniqueIdentifier>
    </Filter>
    <Filter Include="UI\Ctrl">
      <UniqueIdentifier>{d969b5c6-f38c-4d25-ae8e-0a3bbaf5076e}</UniqueIdentifier>
    </Filter>
    <Filter Include="UI\Dlg">
      <UniqueIdentifier>{887a55d1-5af1-4850-9f46-bbbdc4b6125f}</UniqueIdentifier>
    </Filter>
    <Filter Include="Core">
      <UniqueIdentifier>{b29793f0-99aa-48ac-82f0-4a0bf555bea8}</UniqueIdentifier>
    </Filter>
    <Filter Include="Core\LibcRULHttp">
      <UniqueIdentifier>{c5338c71-87f6-4633-9290-743e2af17895}</UniqueIdentifier>
    </Filter>
    <Filter Include="Core\Misc">
      <UniqueIdentifier>{3ca790f5-5b88-4d29-82ca-cd939769cac7}</UniqueIdentifier>
    </Filter>
    <Filter Include="Core\Misc\FastDelegate">
      <UniqueIdentifier>{7bd98c73-d6d3-4a16-b3e4-ac33325cafe1}</UniqueIdentifier>
    </Filter>
    <Filter Include="Core\Misc\FileConfig">
      <UniqueIdentifier>{767c8450-779c-419f-bf16-dc082808d673}</UniqueIdentifier>
    </Filter>
    <Filter Include="Core\Misc\StringConv">
      <UniqueIdentifier>{bc744080-5f32-4212-bf69-d5397b6f1980}</UniqueIdentifier>
    </Filter>
    <Filter Include="Core\NotificationCenter">
      <UniqueIdentifier>{dbdea332-e6f6-4374-835d-313f3cdafb9d}</UniqueIdentifier>
    </Filter>
    <Filter Include="Core\JsonCPP">
      <UniqueIdentifier>{f05ed424-2f28-4043-8029-d1eae4da86a3}</UniqueIdentifier>
    </Filter>
    <Filter Include="Core\Misc\MD5">
      <UniqueIdentifier>{7884a07f-c996-41a5-8c64-266ef6e00bd7}</UniqueIdentifier>
    </Filter>
    <Filter Include="UI\MainDlg">
      <UniqueIdentifier>{d2c9a0c7-f6b4-4409-8e88-b961664cee32}</UniqueIdentifier>
    </Filter>
  </ItemGroup>
  <ItemGroup>
    <None Include="Core\JsonCpp\json_valueiterator.inl">
      <Filter>Core\JsonCPP</Filter>
    </None>
    <None Include="skin\skin.zip">
      <Filter>Resource Files</Filter>
    </None>
  </ItemGroup>
  <ItemGroup>
    <ClInclude Include="FDLauncher.h">
      <Filter>SupportFiles</Filter>
    </ClInclude>
    <ClInclude Include="targetver.h">
      <Filter>SupportFiles</Filter>
    </ClInclude>
    <ClInclude Include="Resource.h">
      <Filter>SupportFiles</Filter>
    </ClInclude>
    <ClInclude Include="stdafx.h">
      <Filter>SupportFiles</Filter>
    </ClInclude>
    <ClInclude Include="DUILib\downloadmgr.h">
      <Filter>DUILib</Filter>
    </ClInclude>
    <ClInclude Include="DUILib\FlashEventHandler.h">
      <Filter>DUILib</Filter>
    </ClInclude>
    <ClInclude Include="DUILib\ImageEx.h">
      <Filter>DUILib</Filter>
    </ClInclude>
    <ClInclude Include="DUILib\UIActiveX.h">
      <Filter>DUILib</Filter>
    </ClInclude>
    <ClInclude Include="DUILib\UIBase.h">
      <Filter>DUILib</Filter>
    </ClInclude>
    <ClInclude Include="DUILib\UICombo.h">
      <Filter>DUILib</Filter>
    </ClInclude>
    <ClInclude Include="DUILib\UICommonControls.h">
      <Filter>DUILib</Filter>
    </ClInclude>
    <ClInclude Include="DUILib\UIContainer.h">
      <Filter>DUILib</Filter>
    </ClInclude>
    <ClInclude Include="DUILib\UIControl.h">
      <Filter>DUILib</Filter>
    </ClInclude>
    <ClInclude Include="DUILib\UIDelegate.h">
      <Filter>DUILib</Filter>
    </ClInclude>
    <ClInclude Include="DUILib\UIDlgBuilder.h">
      <Filter>DUILib</Filter>
    </ClInclude>
    <ClInclude Include="DUILib\UIImageAnimation.h">
      <Filter>DUILib</Filter>
    </ClInclude>
    <ClInclude Include="DUILib\UIImageTurner.h">
      <Filter>DUILib</Filter>
    </ClInclude>
    <ClInclude Include="DUILib\UIlib.h">
      <Filter>DUILib</Filter>
    </ClInclude>
    <ClInclude Include="DUILib\UIList.h">
      <Filter>DUILib</Filter>
    </ClInclude>
    <ClInclude Include="DUILib\UIListEdit.h">
      <Filter>DUILib</Filter>
    </ClInclude>
    <ClInclude Include="DUILib\UIManager.h">
      <Filter>DUILib</Filter>
    </ClInclude>
    <ClInclude Include="DUILib\UIMarkup.h">
      <Filter>DUILib</Filter>
    </ClInclude>
    <ClInclude Include="DUILib\UIPieChart.h">
      <Filter>DUILib</Filter>
    </ClInclude>
    <ClInclude Include="DUILib\UIRender.h">
      <Filter>DUILib</Filter>
    </ClInclude>
    <ClInclude Include="DUILib\UIRichEdit.h">
      <Filter>DUILib</Filter>
    </ClInclude>
    <ClInclude Include="DUILib\UIStringResource.h">
      <Filter>DUILib</Filter>
    </ClInclude>
    <ClInclude Include="DUILib\UITreeView.h">
      <Filter>DUILib</Filter>
    </ClInclude>
    <ClInclude Include="DUILib\UIValidator.h">
      <Filter>DUILib</Filter>
    </ClInclude>
    <ClInclude Include="DUILib\UIWebBrowser.h">
      <Filter>DUILib</Filter>
    </ClInclude>
    <ClInclude Include="DUILib\WebBrowserEventHandler.h">
      <Filter>DUILib</Filter>
    </ClInclude>
    <ClInclude Include="UI\FormUI.h">
      <Filter>UI</Filter>
    </ClInclude>
    <ClInclude Include="UI\Ctrl\ShadowWnd.h">
      <Filter>UI\Ctrl</Filter>
    </ClInclude>
    <ClInclude Include="UI\Ctrl\TitleBar.h">
      <Filter>UI\Ctrl</Filter>
    </ClInclude>
    <ClInclude Include="UI\messagebox.h">
      <Filter>UI</Filter>
    </ClInclude>
    <ClInclude Include="FDAppModule.h">
      <Filter>SupportFiles</Filter>
    </ClInclude>
    <ClInclude Include="UI\Ctrl\UIBuilderCallback.h">
      <Filter>UI\Ctrl</Filter>
    </ClInclude>
    <ClInclude Include="Core\LibcRULHttp\LibCurlHttpBase.h">
      <Filter>Core\LibcRULHttp</Filter>
    </ClInclude>
    <ClInclude Include="Core\Misc\CrossPlatformConfig.h">
      <Filter>Core\Misc</Filter>
    </ClInclude>
    <ClInclude Include="Core\Misc\StringHelper.h">
      <Filter>Core\Misc</Filter>
    </ClInclude>
    <ClInclude Include="Core\Misc\FastDelegate\FastDelegate.h">
      <Filter>Core\Misc\FastDelegate</Filter>
    </ClInclude>
    <ClInclude Include="Core\Misc\FastDelegate\FastDelegateBind.h">
      <Filter>Core\Misc\FastDelegate</Filter>
    </ClInclude>
    <ClInclude Include="Core\LibcRULHttp\FileProgressDelegate.h">
      <Filter>Core\LibcRULHttp</Filter>
    </ClInclude>
    <ClInclude Include="Core\LibcRULHttp\HttpHlp.h">
      <Filter>Core\LibcRULHttp</Filter>
    </ClInclude>
    <ClInclude Include="Core\LibcRULHttp\LibCurlHttpGetDownload.h">
      <Filter>Core\LibcRULHttp</Filter>
    </ClInclude>
    <ClInclude Include="Core\LibcRULHttp\LibCurlHttpGetRequest.h">
      <Filter>Core\LibcRULHttp</Filter>
    </ClInclude>
    <ClInclude Include="Core\LibcRULHttp\LibCurlHttpPostDownload.h">
      <Filter>Core\LibcRULHttp</Filter>
    </ClInclude>
    <ClInclude Include="Core\LibcRULHttp\LibCurlHttpPostRequest.h">
      <Filter>Core\LibcRULHttp</Filter>
    </ClInclude>
    <ClInclude Include="Core\LibcRULHttp\LibCurlHttpPostUpload.h">
      <Filter>Core\LibcRULHttp</Filter>
    </ClInclude>
    <ClInclude Include="Core\Misc\FileConfig\FileConfig.h">
      <Filter>Core\Misc\FileConfig</Filter>
    </ClInclude>
    <ClInclude Include="Core\Misc\StringConv\StringConv.h">
      <Filter>Core\Misc\StringConv</Filter>
    </ClInclude>
    <ClInclude Include="Core\Misc\ErrorCode.h">
      <Filter>Core\Misc</Filter>
    </ClInclude>
    <ClInclude Include="Core\NotificationCenter\NotificationCenter.h">
      <Filter>Core\NotificationCenter</Filter>
    </ClInclude>
    <ClInclude Include="Core\JsonCpp\autolink.h">
      <Filter>Core\JsonCPP</Filter>
    </ClInclude>
    <ClInclude Include="Core\JsonCpp\config.h">
      <Filter>Core\JsonCPP</Filter>
    </ClInclude>
    <ClInclude Include="Core\JsonCpp\features.h">
      <Filter>Core\JsonCPP</Filter>
    </ClInclude>
    <ClInclude Include="Core\JsonCpp\forwards.h">
      <Filter>Core\JsonCPP</Filter>
    </ClInclude>
    <ClInclude Include="Core\JsonCpp\json.h">
      <Filter>Core\JsonCPP</Filter>
    </ClInclude>
    <ClInclude Include="Core\JsonCpp\json_batchallocator.h">
      <Filter>Core\JsonCPP</Filter>
    </ClInclude>
    <ClInclude Include="Core\JsonCpp\json_tool.h">
      <Filter>Core\JsonCPP</Filter>
    </ClInclude>
    <ClInclude Include="Core\JsonCpp\reader.h">
      <Filter>Core\JsonCPP</Filter>
    </ClInclude>
    <ClInclude Include="Core\JsonCpp\value.h">
      <Filter>Core\JsonCPP</Filter>
    </ClInclude>
    <ClInclude Include="Core\JsonCpp\writer.h">
      <Filter>Core\JsonCPP</Filter>
    </ClInclude>
    <ClInclude Include="Core\NotificationCenter\INotificationCenter.h">
      <Filter>Core\NotificationCenter</Filter>
    </ClInclude>
    <ClInclude Include="Core\Misc\SystemHelper.h">
      <Filter>Core\Misc</Filter>
    </ClInclude>
    <ClInclude Include="Core\Misc\FileHash.h">
      <Filter>Core\Misc</Filter>
    </ClInclude>
    <ClInclude Include="Core\Misc\MD5\MD5.h">
      <Filter>Core\Misc\MD5</Filter>
    </ClInclude>
    <ClInclude Include="UI\MainDlg\MainDlg.h">
      <Filter>UI\MainDlg</Filter>
    </ClInclude>
    <ClInclude Include="UI\Dlg\IrregularForm.h">
      <Filter>UI\Dlg</Filter>
    </ClInclude>
  </ItemGroup>
  <ItemGroup>
    <ClCompile Include="FDLauncher.cpp">
      <Filter>SupportFiles</Filter>
    </ClCompile>
    <ClCompile Include="stdafx.cpp">
      <Filter>SupportFiles</Filter>
    </ClCompile>
    <ClCompile Include="DUILib\ImageEx.cpp">
      <Filter>DUILib</Filter>
    </ClCompile>
    <ClCompile Include="DUILib\stb_image.c">
      <Filter>DUILib</Filter>
    </ClCompile>
    <ClCompile Include="DUILib\UIActiveX.cpp">
      <Filter>DUILib</Filter>
    </ClCompile>
    <ClCompile Include="DUILib\UIBase.cpp">
      <Filter>DUILib</Filter>
    </ClCompile>
    <ClCompile Include="DUILib\UICombo.cpp">
      <Filter>DUILib</Filter>
    </ClCompile>
    <ClCompile Include="DUILib\UICommonControls.cpp">
      <Filter>DUILib</Filter>
    </ClCompile>
    <ClCompile Include="DUILib\UIContainer.cpp">
      <Filter>DUILib</Filter>
    </ClCompile>
    <ClCompile Include="DUILib\UIControl.cpp">
      <Filter>DUILib</Filter>
    </ClCompile>
    <ClCompile Include="DUILib\UIDelegate.cpp">
      <Filter>DUILib</Filter>
    </ClCompile>
    <ClCompile Include="DUILib\UIDlgBuilder.cpp">
      <Filter>DUILib</Filter>
    </ClCompile>
    <ClCompile Include="DUILib\UIImageAnimation.cpp">
      <Filter>DUILib</Filter>
    </ClCompile>
    <ClCompile Include="DUILib\UIImageTurner.cpp">
      <Filter>DUILib</Filter>
    </ClCompile>
    <ClCompile Include="DUILib\UIlib.cpp">
      <Filter>DUILib</Filter>
    </ClCompile>
    <ClCompile Include="DUILib\UIList.cpp">
      <Filter>DUILib</Filter>
    </ClCompile>
    <ClCompile Include="DUILib\UIListEdit.cpp">
      <Filter>DUILib</Filter>
    </ClCompile>
    <ClCompile Include="DUILib\UIManager.cpp">
      <Filter>DUILib</Filter>
    </ClCompile>
    <ClCompile Include="DUILib\UIMarkup.cpp">
      <Filter>DUILib</Filter>
    </ClCompile>
    <ClCompile Include="DUILib\UIPieChart.cpp">
      <Filter>DUILib</Filter>
    </ClCompile>
    <ClCompile Include="DUILib\UIRender.cpp">
      <Filter>DUILib</Filter>
    </ClCompile>
    <ClCompile Include="DUILib\UIRichEdit.cpp">
      <Filter>DUILib</Filter>
    </ClCompile>
    <ClCompile Include="DUILib\UIStringResource.cpp">
      <Filter>DUILib</Filter>
    </ClCompile>
    <ClCompile Include="DUILib\UITreeView.cpp">
      <Filter>DUILib</Filter>
    </ClCompile>
    <ClCompile Include="DUILib\UIValidator.cpp">
      <Filter>DUILib</Filter>
    </ClCompile>
    <ClCompile Include="DUILib\UIWebBrowser.cpp">
      <Filter>DUILib</Filter>
    </ClCompile>
    <ClCompile Include="DUILib\XUnzip.cpp">
      <Filter>DUILib</Filter>
    </ClCompile>
    <ClCompile Include="UI\FormUI.cpp">
      <Filter>UI</Filter>
    </ClCompile>
    <ClCompile Include="UI\Ctrl\TitleBar.cpp">
      <Filter>UI\Ctrl</Filter>
    </ClCompile>
    <ClCompile Include="FDAppModule.cpp">
      <Filter>SupportFiles</Filter>
    </ClCompile>
    <ClCompile Include="UI\Ctrl\UIBuilderCallback.cpp">
      <Filter>UI\Ctrl</Filter>
    </ClCompile>
    <ClCompile Include="Core\LibcRULHttp\LibCurlHttpBase.cpp">
      <Filter>Core\LibcRULHttp</Filter>
    </ClCompile>
    <ClCompile Include="Core\Misc\StringHelper.cpp">
      <Filter>Core\Misc</Filter>
    </ClCompile>
    <ClCompile Include="Core\LibcRULHttp\LibCurlHttpGetDownload.cpp">
      <Filter>Core\LibcRULHttp</Filter>
    </ClCompile>
    <ClCompile Include="Core\LibcRULHttp\LibCurlHttpGetRequest.cpp">
      <Filter>Core\LibcRULHttp</Filter>
    </ClCompile>
    <ClCompile Include="Core\LibcRULHttp\LibCurlHttpPostDownload.cpp">
      <Filter>Core\LibcRULHttp</Filter>
    </ClCompile>
    <ClCompile Include="Core\LibcRULHttp\LibCurlHttpPostRequest.cpp">
      <Filter>Core\LibcRULHttp</Filter>
    </ClCompile>
    <ClCompile Include="Core\LibcRULHttp\LibCurlHttpPostUpload.cpp">
      <Filter>Core\LibcRULHttp</Filter>
    </ClCompile>
    <ClCompile Include="Core\Misc\FileConfig\FileConfig.cpp">
      <Filter>Core\Misc\FileConfig</Filter>
    </ClCompile>
    <ClCompile Include="Core\Misc\StringConv\StringConv.cpp">
      <Filter>Core\Misc\StringConv</Filter>
    </ClCompile>
    <ClCompile Include="Core\NotificationCenter\NotificationCenter.cpp">
      <Filter>Core\NotificationCenter</Filter>
    </ClCompile>
    <ClCompile Include="Core\JsonCpp\json_reader.cpp">
      <Filter>Core\JsonCPP</Filter>
    </ClCompile>
    <ClCompile Include="Core\JsonCpp\json_value.cpp">
      <Filter>Core\JsonCPP</Filter>
    </ClCompile>
    <ClCompile Include="Core\JsonCpp\json_writer.cpp">
      <Filter>Core\JsonCPP</Filter>
    </ClCompile>
    <ClCompile Include="Core\Misc\SystemHelper.cpp">
      <Filter>Core\Misc</Filter>
    </ClCompile>
    <ClCompile Include="Core\Misc\MD5\MD5.cpp">
      <Filter>Core\Misc\MD5</Filter>
    </ClCompile>
    <ClCompile Include="UI\MainDlg\MainDlg.cpp">
      <Filter>UI\MainDlg</Filter>
    </ClCompile>
    <ClCompile Include="UI\Dlg\IrregularForm.cpp">
      <Filter>UI\Dlg</Filter>
    </ClCompile>
  </ItemGroup>
  <ItemGroup>
    <ResourceCompile Include="FDLauncher.rc">
      <Filter>Resource Files</Filter>
    </ResourceCompile>
  </ItemGroup>
  <ItemGroup>
    <Image Include="app.ico">
      <Filter>Resource Files</Filter>
    </Image>
  </ItemGroup>
</Project>